
Microsoft Visual Studio Solution File, Format Version 12.00
# Visual Studio Version 16
VisualStudioVersion = 16.0.31019.35
MinimumVisualStudioVersion = 10.0.40219.1
Project("{FAE04EC0-301F-11D3-BF4B-00C04F79EFBC}") = "Median of Two Sorted Arrays", "Median of Two Sorted Arrays\Median of Two Sorted Arrays.csproj", "{F3497AF6-D468-4223-B72B-22443E3D77F9}"
EndProject
Global
	GlobalSection(SolutionConfigurationPlatforms) = preSolution
		Debug|Any CPU = Debug|Any CPU
		Release|Any CPU = Release|Any CPU
	EndGlobalSection
	GlobalSection(ProjectConfigurationPlatforms) = postSolution
		{F3497AF6-D468-4223-B72B-22443E3D77F9}.Debug|Any CPU.ActiveCfg = Debug|Any CPU
		{F3497AF6-D468-4223-B72B-22443E3D77F9}.Debug|Any CPU.Build.0 = Debug|Any CPU
		{F3497AF6-D468-4223-B72B-22443E3D77F9}.Release|Any CPU.ActiveCfg = Release|Any CPU
		{F3497AF6-D468-4223-B72B-22443E3D77F9}.Release|Any CPU.Build.0 = Release|Any CPU
	EndGlobalSection
	GlobalSection(SolutionProperties) = preSolution
		HideSolutionNode = FALSE
	EndGlobalSection
	GlobalSection(ExtensibilityGlobals) = postSolution
		SolutionGuid = {97688DE5-D577-4C2B-84CD-7101DD2190AD}
	EndGlobalSection
EndGlobal
